#MicroXplorer Configuration settings - do not modify
Dma.Request0=SPI2_RX
Dma.Request1=SPI2_TX
Dma.Request2=USART2_RX
Dma.Request3=USART2_TX
Dma.RequestsNb=4
Dma.SPI2_RX.0.Channel=DMA_CHANNEL_0
Dma.SPI2_RX.0.Direction=DMA_PERIPH_TO_MEMORY
Dma.SPI2_RX.0.FIFOMode=DMA_FIFOMODE_DISABLE
Dma.SPI2_RX.0.Instance=DMA1_Stream3
Dma.SPI2_RX.0.MemDataAlignment=DMA_MDATAALIGN_BYTE
Dma.SPI2_RX.0.MemInc=DMA_MINC_ENABLE
Dma.SPI2_RX.0.Mode=DMA_NORMAL
Dma.SPI2_RX.0.PeriphDataAlignment=DMA_PDATAALIGN_BYTE
Dma.SPI2_RX.0.PeriphInc=DMA_PINC_DISABLE
Dma.SPI2_RX.0.Priority=DMA_PRIORITY_VERY_HIGH
Dma.SPI2_RX.0.RequestParameters=Instance,Channel,Direction,PeriphInc,MemInc,PeriphDataAlignment,MemDataAlignment,Mode,Priority,FIFOMode
Dma.SPI2_TX.1.Channel=DMA_CHANNEL_0
Dma.SPI2_TX.1.Direction=DMA_MEMORY_TO_PERIPH
Dma.SPI2_TX.1.FIFOMode=DMA_FIFOMODE_DISABLE
Dma.SPI2_TX.1.Instance=DMA1_Stream4
Dma.SPI2_TX.1.MemDataAlignment=DMA_MDATAALIGN_BYTE
Dma.SPI2_TX.1.MemInc=DMA_MINC_ENABLE
Dma.SPI2_TX.1.Mode=DMA_NORMAL
Dma.SPI2_TX.1.PeriphDataAlignment=DMA_PDATAALIGN_BYTE
Dma.SPI2_TX.1.PeriphInc=DMA_PINC_DISABLE
Dma.SPI2_TX.1.Priority=DMA_PRIORITY_VERY_HIGH
Dma.SPI2_TX.1.RequestParameters=Instance,Channel,Direction,PeriphInc,MemInc,PeriphDataAlignment,MemDataAlignment,Mode,Priority,FIFOMode
Dma.USART2_RX.2.Channel=DMA_CHANNEL_4
Dma.USART2_RX.2.Direction=DMA_PERIPH_TO_MEMORY
Dma.USART2_RX.2.FIFOMode=DMA_FIFOMODE_DISABLE
Dma.USART2_RX.2.Instance=DMA1_Stream5
Dma.USART2_RX.2.MemDataAlignment=DMA_MDATAALIGN_BYTE
Dma.USART2_RX.2.MemInc=DMA_MINC_ENABLE
Dma.USART2_RX.2.Mode=DMA_NORMAL
Dma.USART2_RX.2.PeriphDataAlignment=DMA_PDATAALIGN_BYTE
Dma.USART2_RX.2.PeriphInc=DMA_PINC_DISABLE
Dma.USART2_RX.2.Priority=DMA_PRIORITY_HIGH
Dma.USART2_RX.2.RequestParameters=Instance,Channel,Direction,PeriphInc,MemInc,PeriphDataAlignment,MemDataAlignment,Mode,Priority,FIFOMode
Dma.USART2_TX.3.Channel=DMA_CHANNEL_4
Dma.USART2_TX.3.Direction=DMA_MEMORY_TO_PERIPH
Dma.USART2_TX.3.FIFOMode=DMA_FIFOMODE_DISABLE
Dma.USART2_TX.3.Instance=DMA1_Stream6
Dma.USART2_TX.3.MemDataAlignment=DMA_MDATAALIGN_BYTE
Dma.USART2_TX.3.MemInc=DMA_MINC_ENABLE
Dma.USART2_TX.3.Mode=DMA_NORMAL
Dma.USART2_TX.3.PeriphDataAlignment=DMA_PDATAALIGN_BYTE
Dma.USART2_TX.3.PeriphInc=DMA_PINC_DISABLE
Dma.USART2_TX.3.Priority=DMA_PRIORITY_HIGH
Dma.USART2_TX.3.RequestParameters=Instance,Channel,Direction,PeriphInc,MemInc,PeriphDataAlignment,MemDataAlignment,Mode,Priority,FIFOMode
FREERTOS.HEAP_NUMBER=3
FREERTOS.IPParameters=Tasks01,HEAP_NUMBER,configUSE_IDLE_HOOK
FREERTOS.Tasks01=defaultTask,0,128,StartDefaultTask
FREERTOS.configUSE_IDLE_HOOK=1
File.Version=5
KeepUserPlacement=false
Mcu.Family=STM32F4
Mcu.IP0=DMA
Mcu.IP1=FREERTOS
Mcu.IP2=NVIC
Mcu.IP3=RCC
Mcu.IP4=SPI2
Mcu.IP5=SYS
Mcu.IP6=TIM1
Mcu.IP7=USART2
Mcu.IPNb=8
Mcu.Name=STM32F411R(C-E)Tx
Mcu.Package=LQFP64
Mcu.Pin0=PC13-ANTI_TAMP
Mcu.Pin1=PC14-OSC32_IN
Mcu.Pin10=PA3
Mcu.Pin11=PA4
Mcu.Pin12=PA6
Mcu.Pin13=PA7
Mcu.Pin14=PC4
Mcu.Pin15=PB10
Mcu.Pin16=PB12
Mcu.Pin17=PB13
Mcu.Pin18=PB14
Mcu.Pin19=PB15
Mcu.Pin2=PC15-OSC32_OUT
Mcu.Pin20=PA8
Mcu.Pin21=PA10
Mcu.Pin22=PA13
Mcu.Pin23=PA14
Mcu.Pin24=PB6
Mcu.Pin25=PB7
Mcu.Pin26=PB8
Mcu.Pin27=PB9
Mcu.Pin28=VP_FREERTOS_VS_ENABLE
Mcu.Pin29=VP_TIM1_VS_ClockSourceINT
Mcu.Pin3=PH0 - OSC_IN
Mcu.Pin4=PH1 - OSC_OUT
Mcu.Pin5=PC0
Mcu.Pin6=PC1
Mcu.Pin7=PA0-WKUP
Mcu.Pin8=PA1
Mcu.Pin9=PA2
Mcu.PinsNb=30
Mcu.UserConstants=
Mcu.UserName=STM32F411RETx
MxCube.Version=4.11.0
MxDb.Version=DB.4.0.110
NVIC.DMA1_Stream3_IRQn=true\:5\:0\:false
NVIC.DMA1_Stream4_IRQn=true\:5\:0\:false
NVIC.DMA1_Stream5_IRQn=true\:5\:0\:false
NVIC.DMA1_Stream6_IRQn=true\:5\:0\:false
NVIC.PriorityGroup=NVIC_PRIORITYGROUP_4
NVIC.SysTick_IRQn=true\:0\:0\:false
PA0-WKUP.Locked=true
PA0-WKUP.Mode=CTS_RTS
PA0-WKUP.Signal=USART2_CTS
PA1.Locked=true
PA1.Mode=CTS_RTS
PA1.Signal=USART2_RTS
PA10.Locked=true
PA10.Signal=S_TIM1_CH3
PA13.Locked=true
PA13.Mode=Serial-Wire
PA13.Signal=SYS_JTMS-SWDIO
PA14.Locked=true
PA14.Mode=Serial-Wire
PA14.Signal=SYS_JTCK-SWCLK
PA2.Mode=Asynchronous
PA2.Signal=USART2_TX
PA3.Mode=Asynchronous
PA3.Signal=USART2_RX
PA4.GPIOParameters=GPIO_ModeDefaultEXTI
PA4.GPIO_ModeDefaultEXTI=GPIO_MODE_IT_FALLING
PA4.Locked=true
PA4.Signal=GPXTI4
PA6.Locked=true
PA6.Signal=GPIO_Output
PA7.Locked=true
PA7.Signal=GPIO_Output
PA8.Mode=Clock-out-1
PA8.Signal=RCC_MCO_1
PB10.Locked=true
PB10.Signal=GPIO_Output
PB12.Locked=true
PB12.Mode=NSS_Signal_Hard
PB12.Signal=SPI2_NSS
PB13.Locked=true
PB13.Mode=Full_Duplex_Master
PB13.Signal=SPI2_SCK
PB14.Locked=true
PB14.Mode=Full_Duplex_Master
PB14.Signal=SPI2_MISO
PB15.Locked=true
PB15.Mode=Full_Duplex_Master
PB15.Signal=SPI2_MOSI
PB6.Locked=true
PB6.Signal=GPIO_Output
PB7.Locked=true
PB7.Signal=GPIO_Output
PB8.Locked=true
PB8.Signal=GPIO_Output
PB9.Locked=true
PB9.Signal=GPXTI9
PC0.Locked=true
PC0.Signal=GPIO_Output
PC1.Locked=true
PC1.Signal=GPIO_Output
PC13-ANTI_TAMP.Locked=true
PC13-ANTI_TAMP.Signal=GPIO_Output
PC14-OSC32_IN.Mode=LSE-External-Oscillator
PC14-OSC32_IN.Signal=RCC_OSC32_IN
PC15-OSC32_OUT.Mode=LSE-External-Oscillator
PC15-OSC32_OUT.Signal=RCC_OSC32_OUT
PC4.Locked=true
PC4.Signal=GPIO_Output
PCC.Checker=false
PCC.Line=STM32F411
PCC.MCU=STM32F411R(C-E)Tx
PCC.MXVersion=4.11.0
PCC.PartNumber=STM32F411RETx
PCC.Seq0=0
PCC.Series=STM32F4
PCC.Temperature=25
PCC.Vdd=null
PH0\ -\ OSC_IN.Locked=true
PH0\ -\ OSC_IN.Mode=HSE-External-Oscillator
PH0\ -\ OSC_IN.Signal=RCC_OSC_IN
PH1\ -\ OSC_OUT.Locked=true
PH1\ -\ OSC_OUT.Mode=HSE-External-Oscillator
PH1\ -\ OSC_OUT.Signal=RCC_OSC_OUT
ProjectManager.AskForMigrate=true
ProjectManager.BackupPrevious=false
ProjectManager.CompilerOptimize=2
ProjectManager.ComputerToolchain=false
ProjectManager.CoupleFile=false
ProjectManager.DeletePrevious=true
ProjectManager.DeviceId=STM32F411RETx
ProjectManager.FirmwarePackage=STM32Cube FW_F4 V1.9.0
ProjectManager.FreePins=true
ProjectManager.HalAssertFull=false
ProjectManager.KeepUserCode=true
ProjectManager.LastFirmware=true
ProjectManager.LibraryCopy=1
ProjectManager.ProjectBuild=false
ProjectManager.ProjectFileName=MobilECG.ioc
ProjectManager.ProjectName=MobilECG
ProjectManager.TargetToolchain=TrueSTUDIO
ProjectManager.ToolChainLocation=
RCC.48MHZClocksFreq_Value=48000000
RCC.AHBCLKDivider=RCC_SYSCLK_DIV2
RCC.AHBFreq_Value=48000000
RCC.APB1CLKDivider=RCC_HCLK_DIV2
RCC.APB1Freq_Value=24000000
RCC.APB1TimFreq_Value=48000000
RCC.APB2CLKDivider=RCC_HCLK_DIV2
RCC.APB2Freq_Value=24000000
RCC.APB2TimFreq_Value=48000000
RCC.CortexFreq_Value=48000000
RCC.EthernetFreq_Value=96000000
RCC.FCLKCortexFreq_Value=48000000
RCC.FamilyName=M
RCC.HCLKFreq_Value=48000000
RCC.HSE_VALUE=12000000
RCC.HSI_VALUE=16000000
RCC.I2SClocksFreq_Value=72000000
RCC.IPParameters=FamilyName,LSI_VALUE,RTCFreq_Value,HSI_VALUE,VCOInputFreq_Value,VCOOutputFreq_Value,PLLCLKFreq_Value,PLLQCLKFreq_Value,VCOInputMFreq_Value,VCOI2SOutputFreq_Value,VcooutputI2S,I2SClocksFreq_Value,SYSCLKFreq_VALUE,AHBFreq_Value,CortexFreq_Value,APB1Freq_Value,APB2Freq_Value,HSE_VALUE,RTCHSEDivFreq_Value,48MHZClocksFreq_Value,SYSCLKSource,HCLKFreq_Value,FCLKCortexFreq_Value,APB1TimFreq_Value,APB2TimFreq_Value,EthernetFreq_Value,MCO2PinFreq_Value,PLLM,VDD_VALUE,RCC_RTC_Clock_SourceVirtual,RCC_RTC_Clock_Source,RCC_MCO1Source,MCO1PinFreq_Value,PLLSourceVirtual,APB1CLKDivider,APB2CLKDivider,AHBCLKDivider
RCC.LSI_VALUE=32000
RCC.MCO1PinFreq_Value=32768
RCC.MCO2PinFreq_Value=96000000
RCC.PLLCLKFreq_Value=96000000
RCC.PLLM=12
RCC.PLLQCLKFreq_Value=48000000
RCC.PLLSourceVirtual=RCC_PLLSOURCE_HSE
RCC.RCC_MCO1Source=RCC_MCO1SOURCE_LSE
RCC.RCC_RTC_Clock_Source=RCC_RTCCLKSOURCE_LSE
RCC.RCC_RTC_Clock_SourceVirtual=RCC_RTCCLKSOURCE_LSE
RCC.RTCFreq_Value=32768
RCC.RTCHSEDivFreq_Value=6000000
RCC.SYSCLKFreq_VALUE=96000000
RCC.SYSCLKSource=RCC_SYSCLKSOURCE_PLLCLK
RCC.VCOI2SOutputFreq_Value=144000000
RCC.VCOInputFreq_Value=1000000
RCC.VCOInputMFreq_Value=750000
RCC.VCOOutputFreq_Value=192000000
RCC.VDD_VALUE=1.8
RCC.VcooutputI2S=72000000
SH.GPXTI4.0=GPIO_EXTI4
SH.GPXTI4.ConfNb=1
SH.GPXTI9.0=GPIO_EXTI9
SH.GPXTI9.ConfNb=1
SH.S_TIM1_CH3.0=TIM1_CH3,Output Compare3 CH3
SH.S_TIM1_CH3.ConfNb=1
SPI2.BaudRatePrescaler=SPI_BAUDRATEPRESCALER_4
SPI2.CLKPhase=SPI_PHASE_2EDGE
SPI2.CLKPolarity=SPI_POLARITY_LOW
SPI2.CalculateBaudRate=6.0 MBits/s
SPI2.IPParameters=Mode,CalculateBaudRate,VirtualNSS,BaudRatePrescaler,TIMode,CLKPhase,CLKPolarity
SPI2.Mode=SPI_MODE_MASTER
SPI2.TIMode=SPI_TIMODE_DISABLED
SPI2.VirtualNSS=VM_NSSHARD
TIM1.Channel-Output\ Compare3\ CH3=TIM_CHANNEL_3
TIM1.IPParameters=Channel-Output Compare3 CH3,OCMode_3,Period
TIM1.OCMode_3=TIM_OCMODE_TOGGLE
TIM1.Period=11
VP_FREERTOS_VS_ENABLE.Mode=Enabled
VP_FREERTOS_VS_ENABLE.Signal=FREERTOS_VS_ENABLE
VP_TIM1_VS_ClockSourceINT.Mode=Internal
VP_TIM1_VS_ClockSourceINT.Signal=TIM1_VS_ClockSourceINT
board=MobilECG
